
Microsoft Visual Studio Solution File, Format Version 12.00
# Visual Studio 14
VisualStudioVersion = 14.0.25420.1
MinimumVisualStudioVersion = 10.0.40219.1
Project("{FAE04EC0-301F-11D3-BF4B-00C04F79EFBC}") = "JXGIS.Framework.Web", "JXGIS.Framework.Web\JXGIS.Framework.Web.csproj", "{E7A9898D-DC7C-4196-989C-7DF34F1792CD}"
EndProject
Project("{2150E333-8FDC-42A3-9474-1A3956D46DE8}") = "00 Service", "00 Service", "{1D201F3D-D327-4D40-BF2F-58E885A16EB5}"
EndProject
Project("{2150E333-8FDC-42A3-9474-1A3956D46DE8}") = "01 Web", "01 Web", "{618068A3-9FBF-4949-8161-50A04ED4E64E}"
EndProject
Project("{2150E333-8FDC-42A3-9474-1A3956D46DE8}") = "02 Business", "02 Business", "{AAD41010-C483-403E-9F8B-5723A57B7C5B}"
EndProject
Project("{2150E333-8FDC-42A3-9474-1A3956D46DE8}") = "03 BaseLib", "03 BaseLib", "{9DF05890-668C-44C4-AA93-D699A1B1D598}"
EndProject
Project("{2150E333-8FDC-42A3-9474-1A3956D46DE8}") = "04 Tools", "04 Tools", "{325D4F43-9B54-4ED5-8BA7-D92D64B9F66D}"
EndProject
Project("{FAE04EC0-301F-11D3-BF4B-00C04F79EFBC}") = "JXGIS.Framework.Entity", "JXGIS.Framework.Entity\JXGIS.Framework.Entity.csproj", "{EE7AD9B1-5C5A-4DA2-8D79-8041CC5105AD}"
EndProject
Project("{FAE04EC0-301F-11D3-BF4B-00C04F79EFBC}") = "JXGIS.Framework.StaticLib", "JXGIS.Framework.StaticLib\JXGIS.Framework.StaticLib.csproj", "{27CCAA07-1883-4705-AACA-B49C067795D9}"
EndProject
Project("{FAE04EC0-301F-11D3-BF4B-00C04F79EFBC}") = "JXGIS.Framework.Test", "JXGIS.Framework.Test\JXGIS.Framework.Test.csproj", "{817C676E-6893-4819-95C2-400BF193414A}"
EndProject
Project("{FAE04EC0-301F-11D3-BF4B-00C04F79EFBC}") = "JXGIS.Framework.Business", "JXGIS.Framework.Business\JXGIS.Framework.Business.csproj", "{5BDF759C-400B-46A1-AB92-C29297E91B98}"
EndProject
Project("{FAE04EC0-301F-11D3-BF4B-00C04F79EFBC}") = "JXGIS.Framework.BaseLib", "JXGIS.Framework.BaseLib\JXGIS.Framework.BaseLib.csproj", "{C3FE1FCA-A000-4A2E-B7D9-BDB50AE94C02}"
EndProject
Global
	GlobalSection(SolutionConfigurationPlatforms) = preSolution
		Debug|Any CPU = Debug|Any CPU
		Release|Any CPU = Release|Any CPU
	EndGlobalSection
	GlobalSection(ProjectConfigurationPlatforms) = postSolution
		{E7A9898D-DC7C-4196-989C-7DF34F1792CD}.Debug|Any CPU.ActiveCfg = Debug|Any CPU
		{E7A9898D-DC7C-4196-989C-7DF34F1792CD}.Debug|Any CPU.Build.0 = Debug|Any CPU
		{E7A9898D-DC7C-4196-989C-7DF34F1792CD}.Release|Any CPU.ActiveCfg = Release|Any CPU
		{E7A9898D-DC7C-4196-989C-7DF34F1792CD}.Release|Any CPU.Build.0 = Release|Any CPU
		{EE7AD9B1-5C5A-4DA2-8D79-8041CC5105AD}.Debug|Any CPU.ActiveCfg = Debug|Any CPU
		{EE7AD9B1-5C5A-4DA2-8D79-8041CC5105AD}.Debug|Any CPU.Build.0 = Debug|Any CPU
		{EE7AD9B1-5C5A-4DA2-8D79-8041CC5105AD}.Release|Any CPU.ActiveCfg = Release|Any CPU
		{EE7AD9B1-5C5A-4DA2-8D79-8041CC5105AD}.Release|Any CPU.Build.0 = Release|Any CPU
		{27CCAA07-1883-4705-AACA-B49C067795D9}.Debug|Any CPU.ActiveCfg = Debug|Any CPU
		{27CCAA07-1883-4705-AACA-B49C067795D9}.Debug|Any CPU.Build.0 = Debug|Any CPU
		{27CCAA07-1883-4705-AACA-B49C067795D9}.Release|Any CPU.ActiveCfg = Release|Any CPU
		{27CCAA07-1883-4705-AACA-B49C067795D9}.Release|Any CPU.Build.0 = Release|Any CPU
		{817C676E-6893-4819-95C2-400BF193414A}.Debug|Any CPU.ActiveCfg = Debug|Any CPU
		{817C676E-6893-4819-95C2-400BF193414A}.Debug|Any CPU.Build.0 = Debug|Any CPU
		{817C676E-6893-4819-95C2-400BF193414A}.Release|Any CPU.ActiveCfg = Release|Any CPU
		{817C676E-6893-4819-95C2-400BF193414A}.Release|Any CPU.Build.0 = Release|Any CPU
		{5BDF759C-400B-46A1-AB92-C29297E91B98}.Debug|Any CPU.ActiveCfg = Debug|Any CPU
		{5BDF759C-400B-46A1-AB92-C29297E91B98}.Debug|Any CPU.Build.0 = Debug|Any CPU
		{5BDF759C-400B-46A1-AB92-C29297E91B98}.Release|Any CPU.ActiveCfg = Release|Any CPU
		{5BDF759C-400B-46A1-AB92-C29297E91B98}.Release|Any CPU.Build.0 = Release|Any CPU
		{C3FE1FCA-A000-4A2E-B7D9-BDB50AE94C02}.Debug|Any CPU.ActiveCfg = Debug|Any CPU
		{C3FE1FCA-A000-4A2E-B7D9-BDB50AE94C02}.Debug|Any CPU.Build.0 = Debug|Any CPU
		{C3FE1FCA-A000-4A2E-B7D9-BDB50AE94C02}.Release|Any CPU.ActiveCfg = Release|Any CPU
		{C3FE1FCA-A000-4A2E-B7D9-BDB50AE94C02}.Release|Any CPU.Build.0 = Release|Any CPU
	EndGlobalSection
	GlobalSection(SolutionProperties) = preSolution
		HideSolutionNode = FALSE
	EndGlobalSection
	GlobalSection(NestedProjects) = preSolution
		{E7A9898D-DC7C-4196-989C-7DF34F1792CD} = {618068A3-9FBF-4949-8161-50A04ED4E64E}
		{EE7AD9B1-5C5A-4DA2-8D79-8041CC5105AD} = {9DF05890-668C-44C4-AA93-D699A1B1D598}
		{27CCAA07-1883-4705-AACA-B49C067795D9} = {9DF05890-668C-44C4-AA93-D699A1B1D598}
		{817C676E-6893-4819-95C2-400BF193414A} = {325D4F43-9B54-4ED5-8BA7-D92D64B9F66D}
		{5BDF759C-400B-46A1-AB92-C29297E91B98} = {AAD41010-C483-403E-9F8B-5723A57B7C5B}
		{C3FE1FCA-A000-4A2E-B7D9-BDB50AE94C02} = {9DF05890-668C-44C4-AA93-D699A1B1D598}
	EndGlobalSection
EndGlobal
